// !$*UTF8*$!
{
	archiveVersion = 1;
	classes = {
	};
	objectVersion = 46;
	objects = {

/* Begin PBXBuildFile section */
		52C44BA91CC5C11500852623 /* AppDelegate.swift in Sources */ = {isa = PBXBuildFile; fileRef = 52C44BA81CC5C11500852623 /* AppDelegate.swift */; };
		52C44BAB1CC5C11500852623 /* ViewController.swift in Sources */ = {isa = PBXBuildFile; fileRef = 52C44BAA1CC5C11500852623 /* ViewController.swift */; };
		52C44BAE1CC5C11500852623 /* Main.storyboard in Resources */ = {isa = PBXBuildFile; fileRef = 52C44BAC1CC5C11500852623 /* Main.storyboard */; };
		52C44BB01CC5C11500852623 /* Assets.xcassets in Resources */ = {isa = PBXBuildFile; fileRef = 52C44BAF1CC5C11500852623 /* Assets.xcassets */; };
		52C44BB31CC5C11500852623 /* LaunchScreen.storyboard in Resources */ = {isa = PBXBuildFile; fileRef = 52C44BB11CC5C11500852623 /* LaunchScreen.storyboard */; };
		52C44BC41CC5CA3600852623 /* ahh.wav in Resources */ = {isa = PBXBuildFile; fileRef = 52C44BBD1CC5CA3600852623 /* ahh.wav */; };
		52C44BC51CC5CA3600852623 /* sad.wav in Resources */ = {isa = PBXBuildFile; fileRef = 52C44BBE1CC5CA3600852623 /* sad.wav */; };
		52C44BC61CC5CA3600852623 /* yay.wav in Resources */ = {isa = PBXBuildFile; fileRef = 52C44BBF1CC5CA3600852623 /* yay.wav */; };
		52C44BC71CC5CA3600852623 /* noo.wav in Resources */ = {isa = PBXBuildFile; fileRef = 52C44BC01CC5CA3600852623 /* noo.wav */; };
		52C44BC81CC5CA3600852623 /* aww.wav in Resources */ = {isa = PBXBuildFile; fileRef = 52C44BC11CC5CA3600852623 /* aww.wav */; };
		52C44BC91CC5CA3600852623 /* mmm.wav in Resources */ = {isa = PBXBuildFile; fileRef = 52C44BC21CC5CA3600852623 /* mmm.wav */; };
		52C44BCA1CC5CA3600852623 /* boo.wav in Resources */ = {isa = PBXBuildFile; fileRef = 52C44BC31CC5CA3600852623 /* boo.wav */; };
		52C44BCC1CC5CA4600852623 /* hah.wav in Resources */ = {isa = PBXBuildFile; fileRef = 52C44BCB1CC5CA4600852623 /* hah.wav */; };
		52C44BCF1CCA0EA200852623 /* snore.wav in Resources */ = {isa = PBXBuildFile; fileRef = 52C44BCE1CCA0EA200852623 /* snore.wav */; };
		52C44BD11CCA0EA900852623 /* whistle.wav in Resources */ = {isa = PBXBuildFile; fileRef = 52C44BD01CCA0EA900852623 /* whistle.wav */; };
/* End PBXBuildFile section */

/* Begin PBXFileReference section */
		52C44BA51CC5C11400852623 /* Reactinator.app */ = {isa = PBXFileReference; explicitFileType = wrapper.application; includeInIndex = 0; path = Reactinator.app; sourceTree = BUILT_PRODUCTS_DIR; };
		52C44BA81CC5C11500852623 /* AppDelegate.swift */ = {isa = PBXFileReference; lastKnownFileType = sourcecode.swift; path = AppDelegate.swift; sourceTree = "<group>"; };
		52C44BAA1CC5C11500852623 /* ViewController.swift */ = {isa = PBXFileReference; lastKnownFileType = sourcecode.swift; path = ViewController.swift; sourceTree = "<group>"; };
		52C44BAD1CC5C11500852623 /* Base */ = {isa = PBXFileReference; lastKnownFileType = file.storyboard; name = Base; path = Base.lproj/Main.storyboard; sourceTree = "<group>"; };
		52C44BAF1CC5C11500852623 /* Assets.xcassets */ = {isa = PBXFileReference; lastKnownFileType = folder.assetcatalog; path = Assets.xcassets; sourceTree = "<group>"; };
		52C44BB21CC5C11500852623 /* Base */ = {isa = PBXFileReference; lastKnownFileType = file.storyboard; name = Base; path = Base.lproj/LaunchScreen.storyboard; sourceTree = "<group>"; };
		52C44BB41CC5C11500852623 /* Info.plist */ = {isa = PBXFileReference; lastKnownFileType = text.plist.xml; path = Info.plist; sourceTree = "<group>"; };
		52C44BBD1CC5CA3600852623 /* ahh.wav */ = {isa = PBXFileReference; lastKnownFileType = audio.wav; path = ahh.wav; sourceTree = "<group>"; };
		52C44BBE1CC5CA3600852623 /* sad.wav */ = {isa = PBXFileReference; lastKnownFileType = audio.wav; path = sad.wav; sourceTree = "<group>"; };
		52C44BBF1CC5CA3600852623 /* yay.wav */ = {isa = PBXFileReference; lastKnownFileType = audio.wav; path = yay.wav; sourceTree = "<group>"; };
		52C44BC01CC5CA3600852623 /* noo.wav */ = {isa = PBXFileReference; lastKnownFileType = audio.wav; path = noo.wav; sourceTree = "<group>"; };
		52C44BC11CC5CA3600852623 /* aww.wav */ = {isa = PBXFileReference; lastKnownFileType = audio.wav; path = aww.wav; sourceTree = "<group>"; };
		52C44BC21CC5CA3600852623 /* mmm.wav */ = {isa = PBXFileReference; lastKnownFileType = audio.wav; path = mmm.wav; sourceTree = "<group>"; };
		52C44BC31CC5CA3600852623 /* boo.wav */ = {isa = PBXFileReference; lastKnownFileType = audio.wav; path = boo.wav; sourceTree = "<group>"; };
		52C44BCB1CC5CA4600852623 /* hah.wav */ = {isa = PBXFileReference; lastKnownFileType = audio.wav; path = hah.wav; sourceTree = "<group>"; };
		52C44BCE1CCA0EA200852623 /* snore.wav */ = {isa = PBXFileReference; lastKnownFileType = audio.wav; path = snore.wav; sourceTree = "<group>"; };
		52C44BD01CCA0EA900852623 /* whistle.wav */ = {isa = PBXFileReference; lastKnownFileType = audio.wav; path = whistle.wav; sourceTree = "<group>"; };
/* End PBXFileReference section */

/* Begin PBXFrameworksBuildPhase section */
		52C44BA21CC5C11400852623 /* Frameworks */ = {
			isa = PBXFrameworksBuildPhase;
			buildActionMask = 2147483647;
			files = (
			);
			runOnlyForDeploymentPostprocessing = 0;
		};
/* End PBXFrameworksBuildPhase section */

/* Begin PBXGroup section */
		52C44B9C1CC5C11400852623 = {
			isa = PBXGroup;
			children = (
				52C44BA71CC5C11500852623 /* Reactinator */,
				52C44BA61CC5C11400852623 /* Products */,
			);
			sourceTree = "<group>";
		};
		52C44BA61CC5C11400852623 /* Products */ = {
			isa = PBXGroup;
			children = (
				52C44BA51CC5C11400852623 /* Reactinator.app */,
			);
			name = Products;
			sourceTree = "<group>";
		};
		52C44BA71CC5C11500852623 /* Reactinator */ = {
			isa = PBXGroup;
			children = (
				52C44BCB1CC5CA4600852623 /* hah.wav */,
				52C44BBD1CC5CA3600852623 /* ahh.wav */,
				52C44BBE1CC5CA3600852623 /* sad.wav */,
				52C44BBF1CC5CA3600852623 /* yay.wav */,
				52C44BC01CC5CA3600852623 /* noo.wav */,
				52C44BC11CC5CA3600852623 /* aww.wav */,
				52C44BC21CC5CA3600852623 /* mmm.wav */,
				52C44BC31CC5CA3600852623 /* boo.wav */,
				52C44BCE1CCA0EA200852623 /* snore.wav */,
				52C44BD01CCA0EA900852623 /* whistle.wav */,
				52C44BA81CC5C11500852623 /* AppDelegate.swift */,
				52C44BAA1CC5C11500852623 /* ViewController.swift */,
				52C44BAC1CC5C11500852623 /* Main.storyboard */,
				52C44BAF1CC5C11500852623 /* Assets.xcassets */,
				52C44BB11CC5C11500852623 /* LaunchScreen.storyboard */,
				52C44BB41CC5C11500852623 /* Info.plist */,
			);
			path = Reactinator;
			sourceTree = "<group>";
		};
/* End PBXGroup section */

/* Begin PBXNativeTarget section */
		52C44BA41CC5C11400852623 /* Reactinator */ = {
			isa = PBXNativeTarget;
			buildConfigurationList = 52C44BB71CC5C11500852623 /* Build configuration list for PBXNativeTarget "Reactinator" */;
			buildPhases = (
				52C44BA11CC5C11400852623 /* Sources */,
				52C44BA21CC5C11400852623 /* Frameworks */,
				52C44BA31CC5C11400852623 /* Resources */,
			);
			buildRules = (
			);
			dependencies = (
			);
			name = Reactinator;
			productName = Reactinator;
			productReference = 52C44BA51CC5C11400852623 /* Reactinator.app */;
			productType = "com.apple.product-type.application";
		};
/* End PBXNativeTarget section */

/* Begin PBXProject section */
		52C44B9D1CC5C11400852623 /* Project object */ = {
			isa = PBXProject;
			attributes = {
				LastSwiftUpdateCheck = 0730;
				LastUpgradeCheck = 0730;
				ORGANIZATIONNAME = "John Stuart";
				TargetAttributes = {
					52C44BA41CC5C11400852623 = {
						CreatedOnToolsVersion = 7.3;
						DevelopmentTeam = SL3N8QV67P;
					};
				};
			};
			buildConfigurationList = 52C44BA01CC5C11400852623 /* Build configuration list for PBXProject "Reactinator" */;
			compatibilityVersion = "Xcode 3.2";
			developmentRegion = English;
			hasScannedForEncodings = 0;
			knownRegions = (
				en,
				Base,
			);
			mainGroup = 52C44B9C1CC5C11400852623;
			productRefGroup = 52C44BA61CC5C11400852623 /* Products */;
			projectDirPath = "";
			projectRoot = "";
			targets = (
				52C44BA41CC5C11400852623 /* Reactinator */,
			);
		};
/* End PBXProject section */

/* Begin PBXResourcesBuildPhase section */
		52C44BA31CC5C11400852623 /* Resources */ = {
			isa = PBXResourcesBuildPhase;
			buildActionMask = 2147483647;
			files = (
				52C44BCC1CC5CA4600852623 /* hah.wav in Resources */,
				52C44BCA1CC5CA3600852623 /* boo.wav in Resources */,
				52C44BC61CC5CA3600852623 /* yay.wav in Resources */,
				52C44BB31CC5C11500852623 /* LaunchScreen.storyboard in Resources */,
				52C44BCF1CCA0EA200852623 /* snore.wav in Resources */,
				52C44BB01CC5C11500852623 /* Assets.xcassets in Resources */,
				52C44BC51CC5CA3600852623 /* sad.wav in Resources */,
				52C44BAE1CC5C11500852623 /* Main.storyboard in Resources */,
				52C44BD11CCA0EA900852623 /* whistle.wav in Resources */,
				52C44BC91CC5CA3600852623 /* mmm.wav in Resources */,
				52C44BC81CC5CA3600852623 /* aww.wav in Resources */,
				52C44BC41CC5CA3600852623 /* ahh.wav in Resources */,
				52C44BC71CC5CA3600852623 /* noo.wav in Resources */,
			);
			runOnlyForDeploymentPostprocessing = 0;
		};
/* End PBXResourcesBuildPhase section */

/* Begin PBXSourcesBuildPhase section */
		52C44BA11CC5C11400852623 /* Sources */ = {
			isa = PBXSourcesBuildPhase;
			buildActionMask = 2147483647;
			files = (
				52C44BAB1CC5C11500852623 /* ViewController.swift in Sources */,
				52C44BA91CC5C11500852623 /* AppDelegate.swift in Sources */,
			);
			runOnlyForDeploymentPostprocessing = 0;
		};
/* End PBXSourcesBuildPhase section */

/* Begin PBXVariantGroup section */
		52C44BAC1CC5C11500852623 /* Main.storyboard */ = {
			isa = PBXVariantGroup;
			children = (
				52C44BAD1CC5C11500852623 /* Base */,
			);
			name = Main.storyboard;
			sourceTree = "<group>";
		};
		52C44BB11CC5C11500852623 /* LaunchScreen.storyboard */ = {
			isa = PBXVariantGroup;
			children = (
				52C44BB21CC5C11500852623 /* Base */,
			);
			name = LaunchScreen.storyboard;
			sourceTree = "<group>";
		};
/* End PBXVariantGroup section */

/* Begin XCBuildConfiguration section */
		52C44BB51CC5C11500852623 /* Debug */ = {
			isa = XCBuildConfiguration;
			buildSettings = {
				ALWAYS_SEARCH_USER_PATHS = NO;
				CLANG_ANALYZER_NONNULL = YES;
				CLANG_CXX_LANGUAGE_STANDARD = "gnu++0x";
				CLANG_CXX_LIBRARY = "libc++";
				CLANG_ENABLE_MODULES = YES;
				CLANG_ENABLE_OBJC_ARC = YES;
				CLANG_WARN_BOOL_CONVERSION = YES;
				CLANG_WARN_CONSTANT_CONVERSION = YES;
				CLANG_WARN_DIRECT_OBJC_ISA_USAGE = YES_ERROR;
				CLANG_WARN_EMPTY_BODY = YES;
				CLANG_WARN_ENUM_CONVERSION = YES;
				CLANG_WARN_INT_CONVERSION = YES;
				CLANG_WARN_OBJC_ROOT_CLASS = YES_ERROR;
				CLANG_WARN_UNREACHABLE_CODE = YES;
				CLANG_WARN__DUPLICATE_METHOD_MATCH = YES;
				"CODE_SIGN_IDENTITY[sdk=iphoneos*]" = "iPhone Developer";
				COPY_PHASE_STRIP = NO;
				DEBUG_INFORMATION_FORMAT = dwarf;
				ENABLE_STRICT_OBJC_MSGSEND = YES;
				ENABLE_TESTABILITY = YES;
				GCC_C_LANGUAGE_STANDARD = gnu99;
				GCC_DYNAMIC_NO_PIC = NO;
				GCC_NO_COMMON_BLOCKS = YES;
				GCC_OPTIMIZATION_LEVEL = 0;
				GCC_PREPROCESSOR_DEFINITIONS = (
					"DEBUG=1",
					"$(inherited)",
				);
				GCC_WARN_64_TO_32_BIT_CONVERSION = YES;
				GCC_WARN_ABOUT_RETURN_TYPE = YES_ERROR;
				GCC_WARN_UNDECLARED_SELECTOR = YES;
				GCC_WARN_UNINITIALIZED_AUTOS = YES_AGGRESSIVE;
				GCC_WARN_UNUSED_FUNCTION = YES;
				GCC_WARN_UNUSED_VARIABLE = YES;
				IPHONEOS_DEPLOYMENT_TARGET = 9.3;
				MTL_ENABLE_DEBUG_INFO = YES;
				ONLY_ACTIVE_ARCH = YES;
				SDKROOT = iphoneos;
				SWIFT_OPTIMIZATION_LEVEL = "-Onone";
				TARGETED_DEVICE_FAMILY = "1,2";
			};
			name = Debug;
		};
		52C44BB61CC5C11500852623 /* Release */ = {
			isa = XCBuildConfiguration;
			buildSettings = {
				ALWAYS_SEARCH_USER_PATHS = NO;
				CLANG_ANALYZER_NONNULL = YES;
				CLANG_CXX_LANGUAGE_STANDARD = "gnu++0x";
				CLANG_CXX_LIBRARY = "libc++";
				CLANG_ENABLE_MODULES = YES;
				CLANG_ENABLE_OBJC_ARC = YES;
				CLANG_WARN_BOOL_CONVERSION = YES;
				CLANG_WARN_CONSTANT_CONVERSION = YES;
				CLANG_WARN_DIRECT_OBJC_ISA_USAGE = YES_ERROR;
				CLANG_WARN_EMPTY_BODY = YES;
				CLANG_WARN_ENUM_CONVERSION = YES;
				CLANG_WARN_INT_CONVERSION = YES;
				CLANG_WARN_OBJC_ROOT_CLASS = YES_ERROR;
				CLANG_WARN_UNREACHABLE_CODE = YES;
				CLANG_WARN__DUPLICATE_METHOD_MATCH = YES;
				"CODE_SIGN_IDENTITY[sdk=iphoneos*]" = "iPhone Developer";
				COPY_PHASE_STRIP = NO;
				DEBUG_INFORMATION_FORMAT = "dwarf-with-dsym";
				ENABLE_NS_ASSERTIONS = NO;
				ENABLE_STRICT_OBJC_MSGSEND = YES;
				GCC_C_LANGUAGE_STANDARD = gnu99;
				GCC_NO_COMMON_BLOCKS = YES;
				GCC_WARN_64_TO_32_BIT_CONVERSION = YES;
				GCC_WARN_ABOUT_RETURN_TYPE = YES_ERROR;
				GCC_WARN_UNDECLARED_SELECTOR = YES;
				GCC_WARN_UNINITIALIZED_AUTOS = YES_AGGRESSIVE;
				GCC_WARN_UNUSED_FUNCTION = YES;
				GCC_WARN_UNUSED_VARIABLE = YES;
				IPHONEOS_DEPLOYMENT_TARGET = 9.3;
				MTL_ENABLE_DEBUG_INFO = NO;
				SDKROOT = iphoneos;
				TARGETED_DEVICE_FAMILY = "1,2";
				VALIDATE_PRODUCT = YES;
			};
			name = Release;
		};
		52C44BB81CC5C11500852623 /* Debug */ = {
			isa = XCBuildConfiguration;
			buildSettings = {
				ASSETCATALOG_COMPILER_APPICON_NAME = AppIcon;
				CODE_SIGN_IDENTITY = "iPhone Developer";
				"CODE_SIGN_IDENTITY[sdk=iphoneos*]" = "iPhone Developer";
				INFOPLIST_FILE = Reactinator/Info.plist;
				LD_RUNPATH_SEARCH_PATHS = "$(inherited) @executable_path/Frameworks";
				PRODUCT_BUNDLE_IDENTIFIER = com.jaystu.Reactinator;
				PRODUCT_NAME = "$(TARGET_NAME)";
				PROVISIONING_PROFILE = "";
			};
			name = Debug;
		};
		52C44BB91CC5C11500852623 /* Release */ = {
			isa = XCBuildConfiguration;
			buildSettings = {
				ASSETCATALOG_COMPILER_APPICON_NAME = AppIcon;
				CODE_SIGN_IDENTITY = "iPhone Developer";
				"CODE_SIGN_IDENTITY[sdk=iphoneos*]" = "iPhone Developer";
				INFOPLIST_FILE = Reactinator/Info.plist;
				LD_RUNPATH_SEARCH_PATHS = "$(inherited) @executable_path/Frameworks";
				PRODUCT_BUNDLE_IDENTIFIER = com.jaystu.Reactinator;
				PRODUCT_NAME = "$(TARGET_NAME)";
				PROVISIONING_PROFILE = "";
			};
			name = Release;
		};
/* End XCBuildConfiguration section */

/* Begin XCConfigurationList section */
		52C44BA01CC5C11400852623 /* Build configuration list for PBXProject "Reactinator" */ = {
			isa = XCConfigurationList;
			buildConfigurations = (
				52C44BB51CC5C11500852623 /* Debug */,
				52C44BB61CC5C11500852623 /* Release */,
			);
			defaultConfigurationIsVisible = 0;
			defaultConfigurationName = Release;
		};
		52C44BB71CC5C11500852623 /* Build configuration list for PBXNativeTarget "Reactinator" */ = {
			isa = XCConfigurationList;
			buildConfigurations = (
				52C44BB81CC5C11500852623 /* Debug */,
				52C44BB91CC5C11500852623 /* Release */,
			);
			defaultConfigurationIsVisible = 0;
			defaultConfigurationName = Release;
		};
/* End XCConfigurationList section */
	};
	rootObject = 52C44B9D1CC5C11400852623 /* Project object */;
}
